
Microsoft Visual Studio Solution File, Format Version 12.00
# Visual Studio 15
VisualStudioVersion = 15.0.27130.2003
MinimumVisualStudioVersion = 10.0.40219.1
Project("{FAE04EC0-301F-11D3-BF4B-00C04F79EFBC}") = "Xmu.Crms", "Xmu.Crms\Xmu.Crms.csproj", "{B08785DE-0FFE-4939-8FDC-38FE91BC546F}"
EndProject
Global
	GlobalSection(SolutionConfigurationPlatforms) = preSolution
		Debug|Any CPU = Debug|Any CPU
		Release|Any CPU = Release|Any CPU
	EndGlobalSection
	GlobalSection(ProjectConfigurationPlatforms) = postSolution
		{B08785DE-0FFE-4939-8FDC-38FE91BC546F}.Debug|Any CPU.ActiveCfg = Debug|Any CPU
		{B08785DE-0FFE-4939-8FDC-38FE91BC546F}.Debug|Any CPU.Build.0 = Debug|Any CPU
		{B08785DE-0FFE-4939-8FDC-38FE91BC546F}.Release|Any CPU.ActiveCfg = Release|Any CPU
		{B08785DE-0FFE-4939-8FDC-38FE91BC546F}.Release|Any CPU.Build.0 = Release|Any CPU
	EndGlobalSection
	GlobalSection(SolutionProperties) = preSolution
		HideSolutionNode = FALSE
	EndGlobalSection
	GlobalSection(ExtensibilityGlobals) = postSolution
		SolutionGuid = {0272E732-B300-42AC-B06C-96D468D8BBEC}
	EndGlobalSection
EndGlobal
